// !$*UTF8*$!
{
	archiveVersion = 1;
	classes = {
	};
	objectVersion = 55;
	objects = {

/* Begin PBXBuildFile section */
		5093BFF127E22FCE009903CE /* RNFTDemoApp.swift in Sources */ = {isa = PBXBuildFile; fileRef = 5093BFF027E22FCE009903CE /* RNFTDemoApp.swift */; };
		5093BFF327E22FCE009903CE /* ContentView.swift in Sources */ = {isa = PBXBuildFile; fileRef = 5093BFF227E22FCE009903CE /* ContentView.swift */; };
		5093BFF527E22FCF009903CE /* Assets.xcassets in Resources */ = {isa = PBXBuildFile; fileRef = 5093BFF427E22FCF009903CE /* Assets.xcassets */; };
		5093BFF827E22FCF009903CE /* Preview Assets.xcassets in Resources */ = {isa = PBXBuildFile; fileRef = 5093BFF727E22FCF009903CE /* Preview Assets.xcassets */; };
		5093C00027E22FF4009903CE /* Solana in Frameworks */ = {isa = PBXBuildFile; productRef = 5093BFFF27E22FF4009903CE /* Solana */; };
		5093C00627E23736009903CE /* Metaplex in Frameworks */ = {isa = PBXBuildFile; productRef = 5093C00527E23736009903CE /* Metaplex */; };
		5096700627E242AE00DEF9EF /* Debug.xcconfig in Resources */ = {isa = PBXBuildFile; fileRef = 5096700527E242AE00DEF9EF /* Debug.xcconfig */; };
		5096700B27E243B700DEF9EF /* ContentViewModel.swift in Sources */ = {isa = PBXBuildFile; fileRef = 5096700A27E243B700DEF9EF /* ContentViewModel.swift */; };
		5096700E27E245BC00DEF9EF /* SessionStore.swift in Sources */ = {isa = PBXBuildFile; fileRef = 5096700D27E245BC00DEF9EF /* SessionStore.swift */; };
		5096700F27E245BC00DEF9EF /* InMemoryAccountStorage.swift in Sources */ = {isa = PBXBuildFile; fileRef = 5096700C27E245BC00DEF9EF /* InMemoryAccountStorage.swift */; };
		5096701727E2484E00DEF9EF /* RnftService.swift in Sources */ = {isa = PBXBuildFile; fileRef = 5096701627E2484E00DEF9EF /* RnftService.swift */; };
		5096701927E248B700DEF9EF /* Rnft.swift in Sources */ = {isa = PBXBuildFile; fileRef = 5096701827E248B700DEF9EF /* Rnft.swift */; };
		5096701B27E2587500DEF9EF /* CaseIterableDefaultsLast.swift in Sources */ = {isa = PBXBuildFile; fileRef = 5096701A27E2587500DEF9EF /* CaseIterableDefaultsLast.swift */; };
		5096702127E25D8F00DEF9EF /* RnftView.swift in Sources */ = {isa = PBXBuildFile; fileRef = 5096702027E25D8F00DEF9EF /* RnftView.swift */; };
		5096702527E282FA00DEF9EF /* RnftAttribute.swift in Sources */ = {isa = PBXBuildFile; fileRef = 5096702427E282FA00DEF9EF /* RnftAttribute.swift */; };
		5096702827E2906200DEF9EF /* AppDelegate.swift in Sources */ = {isa = PBXBuildFile; fileRef = 5096702727E28FE800DEF9EF /* AppDelegate.swift */; };
		5096702B27E297DC00DEF9EF /* OpenLogin in Frameworks */ = {isa = PBXBuildFile; productRef = 5096702A27E297DC00DEF9EF /* OpenLogin */; };
		5096702F27E2BC4000DEF9EF /* Colors.swift in Sources */ = {isa = PBXBuildFile; fileRef = 5096702E27E2BC4000DEF9EF /* Colors.swift */; };
		5096703127E2BE0800DEF9EF /* Fonts.swift in Sources */ = {isa = PBXBuildFile; fileRef = 5096703027E2BE0800DEF9EF /* Fonts.swift */; };
		5096703427E2D12100DEF9EF /* RnftExampleView.swift in Sources */ = {isa = PBXBuildFile; fileRef = 5096703327E2D12100DEF9EF /* RnftExampleView.swift */; };
		5096703627E2D14500DEF9EF /* RnftExampleViewModel.swift in Sources */ = {isa = PBXBuildFile; fileRef = 5096703527E2D14500DEF9EF /* RnftExampleViewModel.swift */; };
		5096703A27E2D62600DEF9EF /* TabsView.swift in Sources */ = {isa = PBXBuildFile; fileRef = 5096703927E2D48800DEF9EF /* TabsView.swift */; };
		5096703B27E2D62900DEF9EF /* TabsViewModel.swift in Sources */ = {isa = PBXBuildFile; fileRef = 5096703827E2D48800DEF9EF /* TabsViewModel.swift */; };
/* End PBXBuildFile section */

/* Begin PBXFileReference section */
		5093BFED27E22FCE009903CE /* RNFTDemo.app */ = {isa = PBXFileReference; explicitFileType = wrapper.application; includeInIndex = 0; path = RNFTDemo.app; sourceTree = BUILT_PRODUCTS_DIR; };
		5093BFF027E22FCE009903CE /* RNFTDemoApp.swift */ = {isa = PBXFileReference; lastKnownFileType = sourcecode.swift; path = RNFTDemoApp.swift; sourceTree = "<group>"; };
		5093BFF227E22FCE009903CE /* ContentView.swift */ = {isa = PBXFileReference; lastKnownFileType = sourcecode.swift; path = ContentView.swift; sourceTree = "<group>"; };
		5093BFF427E22FCF009903CE /* Assets.xcassets */ = {isa = PBXFileReference; lastKnownFileType = folder.assetcatalog; path = Assets.xcassets; sourceTree = "<group>"; };
		5093BFF727E22FCF009903CE /* Preview Assets.xcassets */ = {isa = PBXFileReference; lastKnownFileType = folder.assetcatalog; path = "Preview Assets.xcassets"; sourceTree = "<group>"; };
		5096700527E242AE00DEF9EF /* Debug.xcconfig */ = {isa = PBXFileReference; fileEncoding = 4; lastKnownFileType = text.xcconfig; path = Debug.xcconfig; sourceTree = "<group>"; };
		5096700A27E243B700DEF9EF /* ContentViewModel.swift */ = {isa = PBXFileReference; lastKnownFileType = sourcecode.swift; path = ContentViewModel.swift; sourceTree = "<group>"; };
		5096700C27E245BC00DEF9EF /* InMemoryAccountStorage.swift */ = {isa = PBXFileReference; lastKnownFileType = sourcecode.swift; path = InMemoryAccountStorage.swift; sourceTree = "<group>"; };
		5096700D27E245BC00DEF9EF /* SessionStore.swift */ = {isa = PBXFileReference; lastKnownFileType = sourcecode.swift; path = SessionStore.swift; sourceTree = "<group>"; };
		5096701627E2484E00DEF9EF /* RnftService.swift */ = {isa = PBXFileReference; lastKnownFileType = sourcecode.swift; path = RnftService.swift; sourceTree = "<group>"; };
		5096701827E248B700DEF9EF /* Rnft.swift */ = {isa = PBXFileReference; lastKnownFileType = sourcecode.swift; path = Rnft.swift; sourceTree = "<group>"; };
		5096701A27E2587500DEF9EF /* CaseIterableDefaultsLast.swift */ = {isa = PBXFileReference; lastKnownFileType = sourcecode.swift; path = CaseIterableDefaultsLast.swift; sourceTree = "<group>"; };
		5096702027E25D8F00DEF9EF /* RnftView.swift */ = {isa = PBXFileReference; lastKnownFileType = sourcecode.swift; path = RnftView.swift; sourceTree = "<group>"; };
		5096702427E282FA00DEF9EF /* RnftAttribute.swift */ = {isa = PBXFileReference; lastKnownFileType = sourcecode.swift; path = RnftAttribute.swift; sourceTree = "<group>"; };
		5096702727E28FE800DEF9EF /* AppDelegate.swift */ = {isa = PBXFileReference; lastKnownFileType = sourcecode.swift; path = AppDelegate.swift; sourceTree = "<group>"; };
		5096702E27E2BC4000DEF9EF /* Colors.swift */ = {isa = PBXFileReference; lastKnownFileType = sourcecode.swift; path = Colors.swift; sourceTree = "<group>"; };
		5096703027E2BE0800DEF9EF /* Fonts.swift */ = {isa = PBXFileReference; lastKnownFileType = sourcecode.swift; path = Fonts.swift; sourceTree = "<group>"; };
		5096703327E2D12100DEF9EF /* RnftExampleView.swift */ = {isa = PBXFileReference; lastKnownFileType = sourcecode.swift; path = RnftExampleView.swift; sourceTree = "<group>"; };
		5096703527E2D14500DEF9EF /* RnftExampleViewModel.swift */ = {isa = PBXFileReference; lastKnownFileType = sourcecode.swift; path = RnftExampleViewModel.swift; sourceTree = "<group>"; };
		5096703827E2D48800DEF9EF /* TabsViewModel.swift */ = {isa = PBXFileReference; lastKnownFileType = sourcecode.swift; path = TabsViewModel.swift; sourceTree = "<group>"; };
		5096703927E2D48800DEF9EF /* TabsView.swift */ = {isa = PBXFileReference; lastKnownFileType = sourcecode.swift; path = TabsView.swift; sourceTree = "<group>"; };
/* End PBXFileReference section */

/* Begin PBXFrameworksBuildPhase section */
		5093BFEA27E22FCE009903CE /* Frameworks */ = {
			isa = PBXFrameworksBuildPhase;
			buildActionMask = 2147483647;
			files = (
				5093C00627E23736009903CE /* Metaplex in Frameworks */,
				5093C00027E22FF4009903CE /* Solana in Frameworks */,
				5096702B27E297DC00DEF9EF /* OpenLogin in Frameworks */,
			);
			runOnlyForDeploymentPostprocessing = 0;
		};
/* End PBXFrameworksBuildPhase section */

/* Begin PBXGroup section */
		5093BFE427E22FCE009903CE = {
			isa = PBXGroup;
			children = (
				5093BFEF27E22FCE009903CE /* RNFTDemo */,
				5093BFEE27E22FCE009903CE /* Products */,
			);
			sourceTree = "<group>";
		};
		5093BFEE27E22FCE009903CE /* Products */ = {
			isa = PBXGroup;
			children = (
				5093BFED27E22FCE009903CE /* RNFTDemo.app */,
			);
			name = Products;
			sourceTree = "<group>";
		};
		5093BFEF27E22FCE009903CE /* RNFTDemo */ = {
			isa = PBXGroup;
			children = (
				5096700827E242E700DEF9EF /* Assets */,
				5096700727E242CA00DEF9EF /* Classes */,
				5096700427E242AE00DEF9EF /* Supporting Files */,
			);
			path = RNFTDemo;
			sourceTree = "<group>";
		};
		5093BFF627E22FCF009903CE /* Preview Content */ = {
			isa = PBXGroup;
			children = (
				5093BFF727E22FCF009903CE /* Preview Assets.xcassets */,
			);
			path = "Preview Content";
			sourceTree = "<group>";
		};
		5096700427E242AE00DEF9EF /* Supporting Files */ = {
			isa = PBXGroup;
			children = (
				5096700527E242AE00DEF9EF /* Debug.xcconfig */,
			);
			path = "Supporting Files";
			sourceTree = "<group>";
		};
		5096700727E242CA00DEF9EF /* Classes */ = {
			isa = PBXGroup;
			children = (
				5093BFF027E22FCE009903CE /* RNFTDemoApp.swift */,
				5096702627E28FDE00DEF9EF /* Configuration */,
				5096701427E247B100DEF9EF /* Models */,
				5096701527E2482D00DEF9EF /* Services */,
				5096702D27E2BC3500DEF9EF /* Theme */,
				5096701327E247AA00DEF9EF /* Views */,
			);
			path = Classes;
			sourceTree = "<group>";
		};
		5096700827E242E700DEF9EF /* Assets */ = {
			isa = PBXGroup;
			children = (
				5093BFF427E22FCF009903CE /* Assets.xcassets */,
				5093BFF627E22FCF009903CE /* Preview Content */,
			);
			path = Assets;
			sourceTree = "<group>";
		};
		5096701327E247AA00DEF9EF /* Views */ = {
			isa = PBXGroup;
			children = (
				5096701C27E25D5100DEF9EF /* Components */,
				5096701D27E25D5900DEF9EF /* Scenes */,
			);
			path = Views;
			sourceTree = "<group>";
		};
		5096701427E247B100DEF9EF /* Models */ = {
			isa = PBXGroup;
			children = (
				5096701A27E2587500DEF9EF /* CaseIterableDefaultsLast.swift */,
				5096700C27E245BC00DEF9EF /* InMemoryAccountStorage.swift */,
				5096701827E248B700DEF9EF /* Rnft.swift */,
				5096702427E282FA00DEF9EF /* RnftAttribute.swift */,
				5096700D27E245BC00DEF9EF /* SessionStore.swift */,
			);
			path = Models;
			sourceTree = "<group>";
		};
		5096701527E2482D00DEF9EF /* Services */ = {
			isa = PBXGroup;
			children = (
				5096701627E2484E00DEF9EF /* RnftService.swift */,
			);
			path = Services;
			sourceTree = "<group>";
		};
		5096701C27E25D5100DEF9EF /* Components */ = {
			isa = PBXGroup;
			children = (
				5096702027E25D8F00DEF9EF /* RnftView.swift */,
			);
			path = Components;
			sourceTree = "<group>";
		};
		5096701D27E25D5900DEF9EF /* Scenes */ = {
			isa = PBXGroup;
			children = (
				5096703727E2D3FD00DEF9EF /* Tabs */,
				5096701E27E25D6A00DEF9EF /* Content */,
				5096703227E2D10F00DEF9EF /* RnftExample */,
			);
			path = Scenes;
			sourceTree = "<group>";
		};
		5096701E27E25D6A00DEF9EF /* Content */ = {
			isa = PBXGroup;
			children = (
				5093BFF227E22FCE009903CE /* ContentView.swift */,
				5096700A27E243B700DEF9EF /* ContentViewModel.swift */,
			);
			path = Content;
			sourceTree = "<group>";
		};
		5096702627E28FDE00DEF9EF /* Configuration */ = {
			isa = PBXGroup;
			children = (
				5096702727E28FE800DEF9EF /* AppDelegate.swift */,
			);
			path = Configuration;
			sourceTree = "<group>";
		};
		5096702D27E2BC3500DEF9EF /* Theme */ = {
			isa = PBXGroup;
			children = (
				5096702E27E2BC4000DEF9EF /* Colors.swift */,
				5096703027E2BE0800DEF9EF /* Fonts.swift */,
			);
			path = Theme;
			sourceTree = "<group>";
		};
		5096703227E2D10F00DEF9EF /* RnftExample */ = {
			isa = PBXGroup;
			children = (
				5096703327E2D12100DEF9EF /* RnftExampleView.swift */,
				5096703527E2D14500DEF9EF /* RnftExampleViewModel.swift */,
			);
			path = RnftExample;
			sourceTree = "<group>";
		};
		5096703727E2D3FD00DEF9EF /* Tabs */ = {
			isa = PBXGroup;
			children = (
				5096703927E2D48800DEF9EF /* TabsView.swift */,
				5096703827E2D48800DEF9EF /* TabsViewModel.swift */,
			);
			path = Tabs;
			sourceTree = "<group>";
		};
/* End PBXGroup section */

/* Begin PBXNativeTarget section */
		5093BFEC27E22FCE009903CE /* RNFTDemo */ = {
			isa = PBXNativeTarget;
			buildConfigurationList = 5093BFFB27E22FCF009903CE /* Build configuration list for PBXNativeTarget "RNFTDemo" */;
			buildPhases = (
				5093BFE927E22FCE009903CE /* Sources */,
				5093BFEA27E22FCE009903CE /* Frameworks */,
				5093BFEB27E22FCE009903CE /* Resources */,
			);
			buildRules = (
			);
			dependencies = (
			);
			name = RNFTDemo;
			packageProductDependencies = (
				5093BFFF27E22FF4009903CE /* Solana */,
				5093C00527E23736009903CE /* Metaplex */,
				5096702A27E297DC00DEF9EF /* OpenLogin */,
			);
			productName = RNFTDemo;
			productReference = 5093BFED27E22FCE009903CE /* RNFTDemo.app */;
			productType = "com.apple.product-type.application";
		};
/* End PBXNativeTarget section */

/* Begin PBXProject section */
		5093BFE527E22FCE009903CE /* Project object */ = {
			isa = PBXProject;
			attributes = {
				BuildIndependentTargetsInParallel = 1;
				LastSwiftUpdateCheck = 1320;
				LastUpgradeCheck = 1320;
				TargetAttributes = {
					5093BFEC27E22FCE009903CE = {
						CreatedOnToolsVersion = 13.2.1;
					};
				};
			};
			buildConfigurationList = 5093BFE827E22FCE009903CE /* Build configuration list for PBXProject "RNFTDemo" */;
			compatibilityVersion = "Xcode 13.0";
			developmentRegion = en;
			hasScannedForEncodings = 0;
			knownRegions = (
				en,
				Base,
			);
			mainGroup = 5093BFE427E22FCE009903CE;
			packageReferences = (
				5093BFFE27E22FF4009903CE /* XCRemoteSwiftPackageReference "Solana" */,
				5093C00427E23736009903CE /* XCRemoteSwiftPackageReference "Metaplex" */,
				5096702927E297DC00DEF9EF /* XCRemoteSwiftPackageReference "openlogin-swift-sdk" */,
			);
			productRefGroup = 5093BFEE27E22FCE009903CE /* Products */;
			projectDirPath = "";
			projectRoot = "";
			targets = (
				5093BFEC27E22FCE009903CE /* RNFTDemo */,
			);
		};
/* End PBXProject section */

/* Begin PBXResourcesBuildPhase section */
		5093BFEB27E22FCE009903CE /* Resources */ = {
			isa = PBXResourcesBuildPhase;
			buildActionMask = 2147483647;
			files = (
				5093BFF827E22FCF009903CE /* Preview Assets.xcassets in Resources */,
				5093BFF527E22FCF009903CE /* Assets.xcassets in Resources */,
				5096700627E242AE00DEF9EF /* Debug.xcconfig in Resources */,
			);
			runOnlyForDeploymentPostprocessing = 0;
		};
/* End PBXResourcesBuildPhase section */

/* Begin PBXSourcesBuildPhase section */
		5093BFE927E22FCE009903CE /* Sources */ = {
			isa = PBXSourcesBuildPhase;
			buildActionMask = 2147483647;
			files = (
				5096702827E2906200DEF9EF /* AppDelegate.swift in Sources */,
				5096703127E2BE0800DEF9EF /* Fonts.swift in Sources */,
				5096702F27E2BC4000DEF9EF /* Colors.swift in Sources */,
				5096701927E248B700DEF9EF /* Rnft.swift in Sources */,
				5093BFF327E22FCE009903CE /* ContentView.swift in Sources */,
				5096703427E2D12100DEF9EF /* RnftExampleView.swift in Sources */,
				5093BFF127E22FCE009903CE /* RNFTDemoApp.swift in Sources */,
				5096701727E2484E00DEF9EF /* RnftService.swift in Sources */,
				5096700B27E243B700DEF9EF /* ContentViewModel.swift in Sources */,
				5096700E27E245BC00DEF9EF /* SessionStore.swift in Sources */,
				5096703627E2D14500DEF9EF /* RnftExampleViewModel.swift in Sources */,
				5096702527E282FA00DEF9EF /* RnftAttribute.swift in Sources */,
				5096701B27E2587500DEF9EF /* CaseIterableDefaultsLast.swift in Sources */,
				5096700F27E245BC00DEF9EF /* InMemoryAccountStorage.swift in Sources */,
				5096703B27E2D62900DEF9EF /* TabsViewModel.swift in Sources */,
				5096703A27E2D62600DEF9EF /* TabsView.swift in Sources */,
				5096702127E25D8F00DEF9EF /* RnftView.swift in Sources */,
			);
			runOnlyForDeploymentPostprocessing = 0;
		};
/* End PBXSourcesBuildPhase section */

/* Begin XCBuildConfiguration section */
		5093BFF927E22FCF009903CE /* Debug */ = {
			isa = XCBuildConfiguration;
			baseConfigurationReference = 5096700527E242AE00DEF9EF /* Debug.xcconfig */;
			buildSettings = {
				ALWAYS_SEARCH_USER_PATHS = NO;
				CLANG_ANALYZER_NONNULL = YES;
				CLANG_ANALYZER_NUMBER_OBJECT_CONVERSION = YES_AGGRESSIVE;
				CLANG_CXX_LANGUAGE_STANDARD = "gnu++17";
				CLANG_CXX_LIBRARY = "libc++";
				CLANG_ENABLE_MODULES = YES;
				CLANG_ENABLE_OBJC_ARC = YES;
				CLANG_ENABLE_OBJC_WEAK = YES;
				CLANG_WARN_BLOCK_CAPTURE_AUTORELEASING = YES;
				CLANG_WARN_BOOL_CONVERSION = YES;
				CLANG_WARN_COMMA = YES;
				CLANG_WARN_CONSTANT_CONVERSION = YES;
				CLANG_WARN_DEPRECATED_OBJC_IMPLEMENTATIONS = YES;
				CLANG_WARN_DIRECT_OBJC_ISA_USAGE = YES_ERROR;
				CLANG_WARN_DOCUMENTATION_COMMENTS = YES;
				CLANG_WARN_EMPTY_BODY = YES;
				CLANG_WARN_ENUM_CONVERSION = YES;
				CLANG_WARN_INFINITE_RECURSION = YES;
				CLANG_WARN_INT_CONVERSION = YES;
				CLANG_WARN_NON_LITERAL_NULL_CONVERSION = YES;
				CLANG_WARN_OBJC_IMPLICIT_RETAIN_SELF = YES;
				CLANG_WARN_OBJC_LITERAL_CONVERSION = YES;
				CLANG_WARN_OBJC_ROOT_CLASS = YES_ERROR;
				CLANG_WARN_QUOTED_INCLUDE_IN_FRAMEWORK_HEADER = YES;
				CLANG_WARN_RANGE_LOOP_ANALYSIS = YES;
				CLANG_WARN_STRICT_PROTOTYPES = YES;
				CLANG_WARN_SUSPICIOUS_MOVE = YES;
				CLANG_WARN_UNGUARDED_AVAILABILITY = YES_AGGRESSIVE;
				CLANG_WARN_UNREACHABLE_CODE = YES;
				CLANG_WARN__DUPLICATE_METHOD_MATCH = YES;
				COPY_PHASE_STRIP = NO;
				DEBUG_INFORMATION_FORMAT = dwarf;
				ENABLE_STRICT_OBJC_MSGSEND = YES;
				ENABLE_TESTABILITY = YES;
				GCC_C_LANGUAGE_STANDARD = gnu11;
				GCC_DYNAMIC_NO_PIC = NO;
				GCC_NO_COMMON_BLOCKS = YES;
				GCC_OPTIMIZATION_LEVEL = 0;
				GCC_PREPROCESSOR_DEFINITIONS = (
					"DEBUG=1",
					"$(inherited)",
				);
				GCC_WARN_64_TO_32_BIT_CONVERSION = YES;
				GCC_WARN_ABOUT_RETURN_TYPE = YES_ERROR;
				GCC_WARN_UNDECLARED_SELECTOR = YES;
				GCC_WARN_UNINITIALIZED_AUTOS = YES_AGGRESSIVE;
				GCC_WARN_UNUSED_FUNCTION = YES;
				GCC_WARN_UNUSED_VARIABLE = YES;
				IPHONEOS_DEPLOYMENT_TARGET = 15.2;
				MTL_ENABLE_DEBUG_INFO = INCLUDE_SOURCE;
				MTL_FAST_MATH = YES;
				ONLY_ACTIVE_ARCH = YES;
				SDKROOT = iphoneos;
				SWIFT_ACTIVE_COMPILATION_CONDITIONS = DEBUG;
				SWIFT_OPTIMIZATION_LEVEL = "-Onone";
			};
			name = Debug;
		};
		5093BFFA27E22FCF009903CE /* Release */ = {
			isa = XCBuildConfiguration;
			buildSettings = {
				ALWAYS_SEARCH_USER_PATHS = NO;
				CLANG_ANALYZER_NONNULL = YES;
				CLANG_ANALYZER_NUMBER_OBJECT_CONVERSION = YES_AGGRESSIVE;
				CLANG_CXX_LANGUAGE_STANDARD = "gnu++17";
				CLANG_CXX_LIBRARY = "libc++";
				CLANG_ENABLE_MODULES = YES;
				CLANG_ENABLE_OBJC_ARC = YES;
				CLANG_ENABLE_OBJC_WEAK = YES;
				CLANG_WARN_BLOCK_CAPTURE_AUTORELEASING = YES;
				CLANG_WARN_BOOL_CONVERSION = YES;
				CLANG_WARN_COMMA = YES;
				CLANG_WARN_CONSTANT_CONVERSION = YES;
				CLANG_WARN_DEPRECATED_OBJC_IMPLEMENTATIONS = YES;
				CLANG_WARN_DIRECT_OBJC_ISA_USAGE = YES_ERROR;
				CLANG_WARN_DOCUMENTATION_COMMENTS = YES;
				CLANG_WARN_EMPTY_BODY = YES;
				CLANG_WARN_ENUM_CONVERSION = YES;
				CLANG_WARN_INFINITE_RECURSION = YES;
				CLANG_WARN_INT_CONVERSION = YES;
				CLANG_WARN_NON_LITERAL_NULL_CONVERSION = YES;
				CLANG_WARN_OBJC_IMPLICIT_RETAIN_SELF = YES;
				CLANG_WARN_OBJC_LITERAL_CONVERSION = YES;
				CLANG_WARN_OBJC_ROOT_CLASS = YES_ERROR;
				CLANG_WARN_QUOTED_INCLUDE_IN_FRAMEWORK_HEADER = YES;
				CLANG_WARN_RANGE_LOOP_ANALYSIS = YES;
				CLANG_WARN_STRICT_PROTOTYPES = YES;
				CLANG_WARN_SUSPICIOUS_MOVE = YES;
				CLANG_WARN_UNGUARDED_AVAILABILITY = YES_AGGRESSIVE;
				CLANG_WARN_UNREACHABLE_CODE = YES;
				CLANG_WARN__DUPLICATE_METHOD_MATCH = YES;
				COPY_PHASE_STRIP = NO;
				DEBUG_INFORMATION_FORMAT = "dwarf-with-dsym";
				ENABLE_NS_ASSERTIONS = NO;
				ENABLE_STRICT_OBJC_MSGSEND = YES;
				GCC_C_LANGUAGE_STANDARD = gnu11;
				GCC_NO_COMMON_BLOCKS = YES;
				GCC_WARN_64_TO_32_BIT_CONVERSION = YES;
				GCC_WARN_ABOUT_RETURN_TYPE = YES_ERROR;
				GCC_WARN_UNDECLARED_SELECTOR = YES;
				GCC_WARN_UNINITIALIZED_AUTOS = YES_AGGRESSIVE;
				GCC_WARN_UNUSED_FUNCTION = YES;
				GCC_WARN_UNUSED_VARIABLE = YES;
				IPHONEOS_DEPLOYMENT_TARGET = 15.2;
				MTL_ENABLE_DEBUG_INFO = NO;
				MTL_FAST_MATH = YES;
				SDKROOT = iphoneos;
				SWIFT_COMPILATION_MODE = wholemodule;
				SWIFT_OPTIMIZATION_LEVEL = "-O";
				VALIDATE_PRODUCT = YES;
			};
			name = Release;
		};
		5093BFFC27E22FCF009903CE /* Debug */ = {
			isa = XCBuildConfiguration;
			buildSettings = {
				ASSETCATALOG_COMPILER_APPICON_NAME = AppIcon;
				ASSETCATALOG_COMPILER_GLOBAL_ACCENT_COLOR_NAME = AccentColor;
				CODE_SIGN_STYLE = Automatic;
				CURRENT_PROJECT_VERSION = 1;
				DEVELOPMENT_ASSET_PATHS = "\"RNFTDemo/Assets/Preview Content\"";
				DEVELOPMENT_TEAM = V8CHF5249T;
				ENABLE_PREVIEWS = YES;
				GENERATE_INFOPLIST_FILE = YES;
				INFOPLIST_FILE = RNFTDemo/Info.plist;
				INFOPLIST_KEY_UIApplicationSceneManifest_Generation = YES;
				INFOPLIST_KEY_UIApplicationSupportsIndirectInputEvents = YES;
				INFOPLIST_KEY_UIStatusBarHidden = NO;
				INFOPLIST_KEY_UISupportedInterfaceOrientations_iPad = "UIInterfaceOrientationPortrait UIInterfaceOrientationPortraitUpsideDown UIInterfaceOrientationLandscapeLeft UIInterfaceOrientationLandscapeRight";
				INFOPLIST_KEY_UISupportedInterfaceOrientations_iPhone = "UIInterfaceOrientationPortrait UIInterfaceOrientationLandscapeLeft UIInterfaceOrientationLandscapeRight";
				LD_RUNPATH_SEARCH_PATHS = (
					"$(inherited)",
					"@executable_path/Frameworks",
				);
				MARKETING_VERSION = 1.0;
				PRODUCT_BUNDLE_IDENTIFIER = com.rhove.RNFTDemo;
				PRODUCT_NAME = "$(TARGET_NAME)";
				SWIFT_EMIT_LOC_STRINGS = YES;
				SWIFT_VERSION = 5.0;
				TARGETED_DEVICE_FAMILY = 1;
			};
			name = Debug;
		};
		5093BFFD27E22FCF009903CE /* Release */ = {
			isa = XCBuildConfiguration;
			buildSettings = {
				ASSETCATALOG_COMPILER_APPICON_NAME = AppIcon;
				ASSETCATALOG_COMPILER_GLOBAL_ACCENT_COLOR_NAME = AccentColor;
				CODE_SIGN_STYLE = Automatic;
				CURRENT_PROJECT_VERSION = 1;
				DEVELOPMENT_ASSET_PATHS = "\"RNFTDemo/Assets/Preview Content\"";
				DEVELOPMENT_TEAM = V8CHF5249T;
				ENABLE_PREVIEWS = YES;
				GENERATE_INFOPLIST_FILE = YES;
				INFOPLIST_FILE = RNFTDemo/Info.plist;
				INFOPLIST_KEY_UIApplicationSceneManifest_Generation = YES;
				INFOPLIST_KEY_UIApplicationSupportsIndirectInputEvents = YES;
				INFOPLIST_KEY_UIStatusBarHidden = NO;
				INFOPLIST_KEY_UISupportedInterfaceOrientations_iPad = "UIInterfaceOrientationPortrait UIInterfaceOrientationPortraitUpsideDown UIInterfaceOrientationLandscapeLeft UIInterfaceOrientationLandscapeRight";
				INFOPLIST_KEY_UISupportedInterfaceOrientations_iPhone = "UIInterfaceOrientationPortrait UIInterfaceOrientationLandscapeLeft UIInterfaceOrientationLandscapeRight";
				LD_RUNPATH_SEARCH_PATHS = (
					"$(inherited)",
					"@executable_path/Frameworks",
				);
				MARKETING_VERSION = 1.0;
				PRODUCT_BUNDLE_IDENTIFIER = com.rhove.RNFTDemo;
				PRODUCT_NAME = "$(TARGET_NAME)";
				SWIFT_EMIT_LOC_STRINGS = YES;
				SWIFT_VERSION = 5.0;
				TARGETED_DEVICE_FAMILY = 1;
			};
			name = Release;
		};
/* End XCBuildConfiguration section */

/* Begin XCConfigurationList section */
		5093BFE827E22FCE009903CE /* Build configuration list for PBXProject "RNFTDemo" */ = {
			isa = XCConfigurationList;
			buildConfigurations = (
				5093BFF927E22FCF009903CE /* Debug */,
				5093BFFA27E22FCF009903CE /* Release */,
			);
			defaultConfigurationIsVisible = 0;
			defaultConfigurationName = Debug;
		};
		5093BFFB27E22FCF009903CE /* Build configuration list for PBXNativeTarget "RNFTDemo" */ = {
			isa = XCConfigurationList;
			buildConfigurations = (
				5093BFFC27E22FCF009903CE /* Debug */,
				5093BFFD27E22FCF009903CE /* Release */,
			);
			defaultConfigurationIsVisible = 0;
			defaultConfigurationName = Debug;
		};
/* End XCConfigurationList section */

/* Begin XCRemoteSwiftPackageReference section */
		5093BFFE27E22FF4009903CE /* XCRemoteSwiftPackageReference "Solana" */ = {
			isa = XCRemoteSwiftPackageReference;
			repositoryURL = "https://github.com/ajamaica/Solana.Swift";
			requirement = {
				branch = master;
				kind = branch;
			};
		};
		5093C00427E23736009903CE /* XCRemoteSwiftPackageReference "Metaplex" */ = {
			isa = XCRemoteSwiftPackageReference;
			repositoryURL = "https://github.com/TOKR-labs/Metaplex.Swift";
			requirement = {
				branch = main;
				kind = branch;
			};
		};
		5096702927E297DC00DEF9EF /* XCRemoteSwiftPackageReference "openlogin-swift-sdk" */ = {
			isa = XCRemoteSwiftPackageReference;
			repositoryURL = "https://github.com/torusresearch/openlogin-swift-sdk";
			requirement = {
				kind = upToNextMajorVersion;
				minimumVersion = 2.0.0;
			};
		};
/* End XCRemoteSwiftPackageReference section */

/* Begin XCSwiftPackageProductDependency section */
		5093BFFF27E22FF4009903CE /* Solana */ = {
			isa = XCSwiftPackageProductDependency;
			package = 5093BFFE27E22FF4009903CE /* XCRemoteSwiftPackageReference "Solana" */;
			productName = Solana;
		};
		5093C00527E23736009903CE /* Metaplex */ = {
			isa = XCSwiftPackageProductDependency;
			package = 5093C00427E23736009903CE /* XCRemoteSwiftPackageReference "Metaplex" */;
			productName = Metaplex;
		};
		5096702A27E297DC00DEF9EF /* OpenLogin */ = {
			isa = XCSwiftPackageProductDependency;
			package = 5096702927E297DC00DEF9EF /* XCRemoteSwiftPackageReference "openlogin-swift-sdk" */;
			productName = OpenLogin;
		};
/* End XCSwiftPackageProductDependency section */
	};
	rootObject = 5093BFE527E22FCE009903CE /* Project object */;
}
